// !$*UTF8*$!
{
	archiveVersion = 1;
	classes = {
	};
	objectVersion = 56;
	objects = {

/* Begin PBXBuildFile section */
		8FEADEA72C6ED27B006E1206 /* custom_keyboard_iosApp.swift in Sources */ = {isa = PBXBuildFile; fileRef = 8FEADEA62C6ED27B006E1206 /* custom_keyboard_iosApp.swift */; };
		8FEADEA92C6ED27B006E1206 /* ContentView.swift in Sources */ = {isa = PBXBuildFile; fileRef = 8FEADEA82C6ED27B006E1206 /* ContentView.swift */; };
		8FEADEAB2C6ED27C006E1206 /* Assets.xcassets in Resources */ = {isa = PBXBuildFile; fileRef = 8FEADEAA2C6ED27C006E1206 /* Assets.xcassets */; };
		8FEADEAE2C6ED27C006E1206 /* Preview Assets.xcassets in Resources */ = {isa = PBXBuildFile; fileRef = 8FEADEAD2C6ED27C006E1206 /* Preview Assets.xcassets */; };
		8FEADEB82C6ED27C006E1206 /* custom_keyboard_iosTests.swift in Sources */ = {isa = PBXBuildFile; fileRef = 8FEADEB72C6ED27C006E1206 /* custom_keyboard_iosTests.swift */; };
		8FEADEC22C6ED27C006E1206 /* custom_keyboard_iosUITests.swift in Sources */ = {isa = PBXBuildFile; fileRef = 8FEADEC12C6ED27C006E1206 /* custom_keyboard_iosUITests.swift */; };
		8FEADEC42C6ED27C006E1206 /* custom_keyboard_iosUITestsLaunchTests.swift in Sources */ = {isa = PBXBuildFile; fileRef = 8FEADEC32C6ED27C006E1206 /* custom_keyboard_iosUITestsLaunchTests.swift */; };
		8FEADED82C6ED37F006E1206 /* KeyboardViewController.swift in Sources */ = {isa = PBXBuildFile; fileRef = 8FEADED72C6ED37F006E1206 /* KeyboardViewController.swift */; };
		8FEADEDC2C6ED37F006E1206 /* Custom Keyboard.appex in Embed Foundation Extensions */ = {isa = PBXBuildFile; fileRef = 8FEADED52C6ED37F006E1206 /* Custom Keyboard.appex */; settings = {ATTRIBUTES = (RemoveHeadersOnCopy, ); }; };
		B547FC7142B9BBAF2FDCA59D /* Pods_Custom_Keyboard.framework in Frameworks */ = {isa = PBXBuildFile; fileRef = CE4085A78E954A2B02ACB3E9 /* Pods_Custom_Keyboard.framework */; };
		CEB9A6E921E18860D46399B4 /* Pods_custom_keyboard_ios.framework in Frameworks */ = {isa = PBXBuildFile; fileRef = 9A8587BB007696732D967073 /* Pods_custom_keyboard_ios.framework */; };
/* End PBXBuildFile section */

/* Begin PBXContainerItemProxy section */
		8FEADEB42C6ED27C006E1206 /* PBXContainerItemProxy */ = {
			isa = PBXContainerItemProxy;
			containerPortal = 8FEADE9B2C6ED27B006E1206 /* Project object */;
			proxyType = 1;
			remoteGlobalIDString = 8FEADEA22C6ED27B006E1206;
			remoteInfo = "custom-keyboard-ios";
		};
		8FEADEBE2C6ED27C006E1206 /* PBXContainerItemProxy */ = {
			isa = PBXContainerItemProxy;
			containerPortal = 8FEADE9B2C6ED27B006E1206 /* Project object */;
			proxyType = 1;
			remoteGlobalIDString = 8FEADEA22C6ED27B006E1206;
			remoteInfo = "custom-keyboard-ios";
		};
		8FEADEDA2C6ED37F006E1206 /* PBXContainerItemProxy */ = {
			isa = PBXContainerItemProxy;
			containerPortal = 8FEADE9B2C6ED27B006E1206 /* Project object */;
			proxyType = 1;
			remoteGlobalIDString = 8FEADED42C6ED37F006E1206;
			remoteInfo = "Custom Keyboard";
		};
/* End PBXContainerItemProxy section */

/* Begin PBXCopyFilesBuildPhase section */
		8FEADEE02C6ED37F006E1206 /* Embed Foundation Extensions */ = {
			isa = PBXCopyFilesBuildPhase;
			buildActionMask = 2147483647;
			dstPath = "";
			dstSubfolderSpec = 13;
			files = (
				8FEADEDC2C6ED37F006E1206 /* Custom Keyboard.appex in Embed Foundation Extensions */,
			);
			name = "Embed Foundation Extensions";
			runOnlyForDeploymentPostprocessing = 0;
		};
/* End PBXCopyFilesBuildPhase section */

/* Begin PBXFileReference section */
		0E6790E3418A5D7F6CE3EB4B /* Pods-Custom Keyboard.debug.xcconfig */ = {isa = PBXFileReference; includeInIndex = 1; lastKnownFileType = text.xcconfig; name = "Pods-Custom Keyboard.debug.xcconfig"; path = "Target Support Files/Pods-Custom Keyboard/Pods-Custom Keyboard.debug.xcconfig"; sourceTree = "<group>"; };
		144FDF49702B92AEF4D19C3D /* Pods-custom-keyboard-ios.debug.xcconfig */ = {isa = PBXFileReference; includeInIndex = 1; lastKnownFileType = text.xcconfig; name = "Pods-custom-keyboard-ios.debug.xcconfig"; path = "Target Support Files/Pods-custom-keyboard-ios/Pods-custom-keyboard-ios.debug.xcconfig"; sourceTree = "<group>"; };
		38481F1E0D397550DB469A5E /* Pods-custom-keyboard-ios.release.xcconfig */ = {isa = PBXFileReference; includeInIndex = 1; lastKnownFileType = text.xcconfig; name = "Pods-custom-keyboard-ios.release.xcconfig"; path = "Target Support Files/Pods-custom-keyboard-ios/Pods-custom-keyboard-ios.release.xcconfig"; sourceTree = "<group>"; };
		8FEADEA32C6ED27B006E1206 /* custom-keyboard-ios.app */ = {isa = PBXFileReference; explicitFileType = wrapper.application; includeInIndex = 0; path = "custom-keyboard-ios.app"; sourceTree = BUILT_PRODUCTS_DIR; };
		8FEADEA62C6ED27B006E1206 /* custom_keyboard_iosApp.swift */ = {isa = PBXFileReference; lastKnownFileType = sourcecode.swift; path = custom_keyboard_iosApp.swift; sourceTree = "<group>"; };
		8FEADEA82C6ED27B006E1206 /* ContentView.swift */ = {isa = PBXFileReference; lastKnownFileType = sourcecode.swift; path = ContentView.swift; sourceTree = "<group>"; };
		8FEADEAA2C6ED27C006E1206 /* Assets.xcassets */ = {isa = PBXFileReference; lastKnownFileType = folder.assetcatalog; path = Assets.xcassets; sourceTree = "<group>"; };
		8FEADEAD2C6ED27C006E1206 /* Preview Assets.xcassets */ = {isa = PBXFileReference; lastKnownFileType = folder.assetcatalog; path = "Preview Assets.xcassets"; sourceTree = "<group>"; };
		8FEADEB32C6ED27C006E1206 /* custom-keyboard-iosTests.xctest */ = {isa = PBXFileReference; explicitFileType = wrapper.cfbundle; includeInIndex = 0; path = "custom-keyboard-iosTests.xctest"; sourceTree = BUILT_PRODUCTS_DIR; };
		8FEADEB72C6ED27C006E1206 /* custom_keyboard_iosTests.swift */ = {isa = PBXFileReference; lastKnownFileType = sourcecode.swift; path = custom_keyboard_iosTests.swift; sourceTree = "<group>"; };
		8FEADEBD2C6ED27C006E1206 /* custom-keyboard-iosUITests.xctest */ = {isa = PBXFileReference; explicitFileType = wrapper.cfbundle; includeInIndex = 0; path = "custom-keyboard-iosUITests.xctest"; sourceTree = BUILT_PRODUCTS_DIR; };
		8FEADEC12C6ED27C006E1206 /* custom_keyboard_iosUITests.swift */ = {isa = PBXFileReference; lastKnownFileType = sourcecode.swift; path = custom_keyboard_iosUITests.swift; sourceTree = "<group>"; };
		8FEADEC32C6ED27C006E1206 /* custom_keyboard_iosUITestsLaunchTests.swift */ = {isa = PBXFileReference; lastKnownFileType = sourcecode.swift; path = custom_keyboard_iosUITestsLaunchTests.swift; sourceTree = "<group>"; };
		8FEADED52C6ED37F006E1206 /* Custom Keyboard.appex */ = {isa = PBXFileReference; explicitFileType = "wrapper.app-extension"; includeInIndex = 0; path = "Custom Keyboard.appex"; sourceTree = BUILT_PRODUCTS_DIR; };
		8FEADED72C6ED37F006E1206 /* KeyboardViewController.swift */ = {isa = PBXFileReference; lastKnownFileType = sourcecode.swift; path = KeyboardViewController.swift; sourceTree = "<group>"; };
		8FEADED92C6ED37F006E1206 /* Info.plist */ = {isa = PBXFileReference; lastKnownFileType = text.plist.xml; path = Info.plist; sourceTree = "<group>"; };
		9A8587BB007696732D967073 /* Pods_custom_keyboard_ios.framework */ = {isa = PBXFileReference; explicitFileType = wrapper.framework; includeInIndex = 0; path = Pods_custom_keyboard_ios.framework; sourceTree = BUILT_PRODUCTS_DIR; };
		CE4085A78E954A2B02ACB3E9 /* Pods_Custom_Keyboard.framework */ = {isa = PBXFileReference; explicitFileType = wrapper.framework; includeInIndex = 0; path = Pods_Custom_Keyboard.framework; sourceTree = BUILT_PRODUCTS_DIR; };
		ED15B5EFA8B00E56E36FA067 /* Pods-Custom Keyboard.release.xcconfig */ = {isa = PBXFileReference; includeInIndex = 1; lastKnownFileType = text.xcconfig; name = "Pods-Custom Keyboard.release.xcconfig"; path = "Target Support Files/Pods-Custom Keyboard/Pods-Custom Keyboard.release.xcconfig"; sourceTree = "<group>"; };
/* End PBXFileReference section */

/* Begin PBXFrameworksBuildPhase section */
		8FEADEA02C6ED27B006E1206 /* Frameworks */ = {
			isa = PBXFrameworksBuildPhase;
			buildActionMask = 2147483647;
			files = (
				CEB9A6E921E18860D46399B4 /* Pods_custom_keyboard_ios.framework in Frameworks */,
			);
			runOnlyForDeploymentPostprocessing = 0;
		};
		8FEADEB02C6ED27C006E1206 /* Frameworks */ = {
			isa = PBXFrameworksBuildPhase;
			buildActionMask = 2147483647;
			files = (
			);
			runOnlyForDeploymentPostprocessing = 0;
		};
		8FEADEBA2C6ED27C006E1206 /* Frameworks */ = {
			isa = PBXFrameworksBuildPhase;
			buildActionMask = 2147483647;
			files = (
			);
			runOnlyForDeploymentPostprocessing = 0;
		};
		8FEADED22C6ED37F006E1206 /* Frameworks */ = {
			isa = PBXFrameworksBuildPhase;
			buildActionMask = 2147483647;
			files = (
				B547FC7142B9BBAF2FDCA59D /* Pods_Custom_Keyboard.framework in Frameworks */,
			);
			runOnlyForDeploymentPostprocessing = 0;
		};
/* End PBXFrameworksBuildPhase section */

/* Begin PBXGroup section */
		8FEADE9A2C6ED27B006E1206 = {
			isa = PBXGroup;
			children = (
				8FEADEA52C6ED27B006E1206 /* custom-keyboard-ios */,
				8FEADEB62C6ED27C006E1206 /* custom-keyboard-iosTests */,
				8FEADEC02C6ED27C006E1206 /* custom-keyboard-iosUITests */,
				8FEADED62C6ED37F006E1206 /* Custom Keyboard */,
				8FEADEA42C6ED27B006E1206 /* Products */,
				B9E13B93D527ED6345D6C5CE /* Pods */,
				B4B4F60765A0A3E57840CBF1 /* Frameworks */,
			);
			sourceTree = "<group>";
		};
		8FEADEA42C6ED27B006E1206 /* Products */ = {
			isa = PBXGroup;
			children = (
				8FEADEA32C6ED27B006E1206 /* custom-keyboard-ios.app */,
				8FEADEB32C6ED27C006E1206 /* custom-keyboard-iosTests.xctest */,
				8FEADEBD2C6ED27C006E1206 /* custom-keyboard-iosUITests.xctest */,
				8FEADED52C6ED37F006E1206 /* Custom Keyboard.appex */,
			);
			name = Products;
			sourceTree = "<group>";
		};
		8FEADEA52C6ED27B006E1206 /* custom-keyboard-ios */ = {
			isa = PBXGroup;
			children = (
				8FEADEA62C6ED27B006E1206 /* custom_keyboard_iosApp.swift */,
				8FEADEA82C6ED27B006E1206 /* ContentView.swift */,
				8FEADEAA2C6ED27C006E1206 /* Assets.xcassets */,
				8FEADEAC2C6ED27C006E1206 /* Preview Content */,
			);
			path = "custom-keyboard-ios";
			sourceTree = "<group>";
		};
		8FEADEAC2C6ED27C006E1206 /* Preview Content */ = {
			isa = PBXGroup;
			children = (
				8FEADEAD2C6ED27C006E1206 /* Preview Assets.xcassets */,
			);
			path = "Preview Content";
			sourceTree = "<group>";
		};
		8FEADEB62C6ED27C006E1206 /* custom-keyboard-iosTests */ = {
			isa = PBXGroup;
			children = (
				8FEADEB72C6ED27C006E1206 /* custom_keyboard_iosTests.swift */,
			);
			path = "custom-keyboard-iosTests";
			sourceTree = "<group>";
		};
		8FEADEC02C6ED27C006E1206 /* custom-keyboard-iosUITests */ = {
			isa = PBXGroup;
			children = (
				8FEADEC12C6ED27C006E1206 /* custom_keyboard_iosUITests.swift */,
				8FEADEC32C6ED27C006E1206 /* custom_keyboard_iosUITestsLaunchTests.swift */,
			);
			path = "custom-keyboard-iosUITests";
			sourceTree = "<group>";
		};
		8FEADED62C6ED37F006E1206 /* Custom Keyboard */ = {
			isa = PBXGroup;
			children = (
				8FEADED72C6ED37F006E1206 /* KeyboardViewController.swift */,
				8FEADED92C6ED37F006E1206 /* Info.plist */,
			);
			path = "Custom Keyboard";
			sourceTree = "<group>";
		};
		B4B4F60765A0A3E57840CBF1 /* Frameworks */ = {
			isa = PBXGroup;
			children = (
				CE4085A78E954A2B02ACB3E9 /* Pods_Custom_Keyboard.framework */,
				9A8587BB007696732D967073 /* Pods_custom_keyboard_ios.framework */,
			);
			name = Frameworks;
			sourceTree = "<group>";
		};
		B9E13B93D527ED6345D6C5CE /* Pods */ = {
			isa = PBXGroup;
			children = (
				0E6790E3418A5D7F6CE3EB4B /* Pods-Custom Keyboard.debug.xcconfig */,
				ED15B5EFA8B00E56E36FA067 /* Pods-Custom Keyboard.release.xcconfig */,
				144FDF49702B92AEF4D19C3D /* Pods-custom-keyboard-ios.debug.xcconfig */,
				38481F1E0D397550DB469A5E /* Pods-custom-keyboard-ios.release.xcconfig */,
			);
			path = Pods;
			sourceTree = "<group>";
		};
/* End PBXGroup section */

/* Begin PBXNativeTarget section */
		8FEADEA22C6ED27B006E1206 /* custom-keyboard-ios */ = {
			isa = PBXNativeTarget;
			buildConfigurationList = 8FEADEC72C6ED27C006E1206 /* Build configuration list for PBXNativeTarget "custom-keyboard-ios" */;
			buildPhases = (
				3EE533A68AB7E428C9EF1A37 /* [CP] Check Pods Manifest.lock */,
				8FEADE9F2C6ED27B006E1206 /* Sources */,
				8FEADEA02C6ED27B006E1206 /* Frameworks */,
				8FEADEA12C6ED27B006E1206 /* Resources */,
				8FEADEE02C6ED37F006E1206 /* Embed Foundation Extensions */,
			);
			buildRules = (
			);
			dependencies = (
				8FEADEDB2C6ED37F006E1206 /* PBXTargetDependency */,
			);
			name = "custom-keyboard-ios";
			productName = "custom-keyboard-ios";
			productReference = 8FEADEA32C6ED27B006E1206 /* custom-keyboard-ios.app */;
			productType = "com.apple.product-type.application";
		};
		8FEADEB22C6ED27C006E1206 /* custom-keyboard-iosTests */ = {
			isa = PBXNativeTarget;
			buildConfigurationList = 8FEADECA2C6ED27C006E1206 /* Build configuration list for PBXNativeTarget "custom-keyboard-iosTests" */;
			buildPhases = (
				8FEADEAF2C6ED27C006E1206 /* Sources */,
				8FEADEB02C6ED27C006E1206 /* Frameworks */,
				8FEADEB12C6ED27C006E1206 /* Resources */,
			);
			buildRules = (
			);
			dependencies = (
				8FEADEB52C6ED27C006E1206 /* PBXTargetDependency */,
			);
			name = "custom-keyboard-iosTests";
			productName = "custom-keyboard-iosTests";
			productReference = 8FEADEB32C6ED27C006E1206 /* custom-keyboard-iosTests.xctest */;
			productType = "com.apple.product-type.bundle.unit-test";
		};
		8FEADEBC2C6ED27C006E1206 /* custom-keyboard-iosUITests */ = {
			isa = PBXNativeTarget;
			buildConfigurationList = 8FEADECD2C6ED27C006E1206 /* Build configuration list for PBXNativeTarget "custom-keyboard-iosUITests" */;
			buildPhases = (
				8FEADEB92C6ED27C006E1206 /* Sources */,
				8FEADEBA2C6ED27C006E1206 /* Frameworks */,
				8FEADEBB2C6ED27C006E1206 /* Resources */,
			);
			buildRules = (
			);
			dependencies = (
				8FEADEBF2C6ED27C006E1206 /* PBXTargetDependency */,
			);
			name = "custom-keyboard-iosUITests";
			productName = "custom-keyboard-iosUITests";
			productReference = 8FEADEBD2C6ED27C006E1206 /* custom-keyboard-iosUITests.xctest */;
			productType = "com.apple.product-type.bundle.ui-testing";
		};
		8FEADED42C6ED37F006E1206 /* Custom Keyboard */ = {
			isa = PBXNativeTarget;
			buildConfigurationList = 8FEADEDD2C6ED37F006E1206 /* Build configuration list for PBXNativeTarget "Custom Keyboard" */;
			buildPhases = (
				4F34C446269081FD47E8991A /* [CP] Check Pods Manifest.lock */,
				8FEADED12C6ED37F006E1206 /* Sources */,
				8FEADED22C6ED37F006E1206 /* Frameworks */,
				8FEADED32C6ED37F006E1206 /* Resources */,
			);
			buildRules = (
			);
			dependencies = (
			);
			name = "Custom Keyboard";
			productName = "Custom Keyboard";
			productReference = 8FEADED52C6ED37F006E1206 /* Custom Keyboard.appex */;
			productType = "com.apple.product-type.app-extension";
		};
/* End PBXNativeTarget section */

/* Begin PBXProject section */
		8FEADE9B2C6ED27B006E1206 /* Project object */ = {
			isa = PBXProject;
			attributes = {
				BuildIndependentTargetsInParallel = 1;
				LastSwiftUpdateCheck = 1540;
				LastUpgradeCheck = 1540;
				TargetAttributes = {
					8FEADEA22C6ED27B006E1206 = {
						CreatedOnToolsVersion = 15.4;
					};
					8FEADEB22C6ED27C006E1206 = {
						CreatedOnToolsVersion = 15.4;
						TestTargetID = 8FEADEA22C6ED27B006E1206;
					};
					8FEADEBC2C6ED27C006E1206 = {
						CreatedOnToolsVersion = 15.4;
						TestTargetID = 8FEADEA22C6ED27B006E1206;
					};
					8FEADED42C6ED37F006E1206 = {
						CreatedOnToolsVersion = 15.4;
						LastSwiftMigration = 2610;
					};
				};
			};
			buildConfigurationList = 8FEADE9E2C6ED27B006E1206 /* Build configuration list for PBXProject "custom-keyboard-ios" */;
			compatibilityVersion = "Xcode 14.0";
			developmentRegion = en;
			hasScannedForEncodings = 0;
			knownRegions = (
				en,
				Base,
			);
			mainGroup = 8FEADE9A2C6ED27B006E1206;
			productRefGroup = 8FEADEA42C6ED27B006E1206 /* Products */;
			projectDirPath = "";
			projectRoot = "";
			targets = (
				8FEADEA22C6ED27B006E1206 /* custom-keyboard-ios */,
				8FEADEB22C6ED27C006E1206 /* custom-keyboard-iosTests */,
				8FEADEBC2C6ED27C006E1206 /* custom-keyboard-iosUITests */,
				8FEADED42C6ED37F006E1206 /* Custom Keyboard */,
			);
		};
/* End PBXProject section */

/* Begin PBXResourcesBuildPhase section */
		8FEADEA12C6ED27B006E1206 /* Resources */ = {
			isa = PBXResourcesBuildPhase;
			buildActionMask = 2147483647;
			files = (
				8FEADEAE2C6ED27C006E1206 /* Preview Assets.xcassets in Resources */,
				8FEADEAB2C6ED27C006E1206 /* Assets.xcassets in Resources */,
			);
			runOnlyForDeploymentPostprocessing = 0;
		};
		8FEADEB12C6ED27C006E1206 /* Resources */ = {
			isa = PBXResourcesBuildPhase;
			buildActionMask = 2147483647;
			files = (
			);
			runOnlyForDeploymentPostprocessing = 0;
		};
		8FEADEBB2C6ED27C006E1206 /* Resources */ = {
			isa = PBXResourcesBuildPhase;
			buildActionMask = 2147483647;
			files = (
			);
			runOnlyForDeploymentPostprocessing = 0;
		};
		8FEADED32C6ED37F006E1206 /* Resources */ = {
			isa = PBXResourcesBuildPhase;
			buildActionMask = 2147483647;
			files = (
			);
			runOnlyForDeploymentPostprocessing = 0;
		};
/* End PBXResourcesBuildPhase section */

/* Begin PBXShellScriptBuildPhase section */
		3EE533A68AB7E428C9EF1A37 /* [CP] Check Pods Manifest.lock */ = {
			isa = PBXShellScriptBuildPhase;
			buildActionMask = 2147483647;
			files = (
			);
			inputFileListPaths = (
			);
			inputPaths = (
				"${PODS_PODFILE_DIR_PATH}/Podfile.lock",
				"${PODS_ROOT}/Manifest.lock",
			);
			name = "[CP] Check Pods Manifest.lock";
			outputFileListPaths = (
			);
			outputPaths = (
				"$(DERIVED_FILE_DIR)/Pods-custom-keyboard-ios-checkManifestLockResult.txt",
			);
			runOnlyForDeploymentPostprocessing = 0;
			shellPath = /bin/sh;
			shellScript = "diff \"${PODS_PODFILE_DIR_PATH}/Podfile.lock\" \"${PODS_ROOT}/Manifest.lock\" > /dev/null\nif [ $? != 0 ] ; then\n    # print error to STDERR\n    echo \"error: The sandbox is not in sync with the Podfile.lock. Run 'pod install' or update your CocoaPods installation.\" >&2\n    exit 1\nfi\n# This output is used by Xcode 'outputs' to avoid re-running this script phase.\necho \"SUCCESS\" > \"${SCRIPT_OUTPUT_FILE_0}\"\n";
			showEnvVarsInLog = 0;
		};
		4F34C446269081FD47E8991A /* [CP] Check Pods Manifest.lock */ = {
			isa = PBXShellScriptBuildPhase;
			buildActionMask = 2147483647;
			files = (
			);
			inputFileListPaths = (
			);
			inputPaths = (
				"${PODS_PODFILE_DIR_PATH}/Podfile.lock",
				"${PODS_ROOT}/Manifest.lock",
			);
			name = "[CP] Check Pods Manifest.lock";
			outputFileListPaths = (
			);
			outputPaths = (
				"$(DERIVED_FILE_DIR)/Pods-Custom Keyboard-checkManifestLockResult.txt",
			);
			runOnlyForDeploymentPostprocessing = 0;
			shellPath = /bin/sh;
			shellScript = "diff \"${PODS_PODFILE_DIR_PATH}/Podfile.lock\" \"${PODS_ROOT}/Manifest.lock\" > /dev/null\nif [ $? != 0 ] ; then\n    # print error to STDERR\n    echo \"error: The sandbox is not in sync with the Podfile.lock. Run 'pod install' or update your CocoaPods installation.\" >&2\n    exit 1\nfi\n# This output is used by Xcode 'outputs' to avoid re-running this script phase.\necho \"SUCCESS\" > \"${SCRIPT_OUTPUT_FILE_0}\"\n";
			showEnvVarsInLog = 0;
		};
/* End PBXShellScriptBuildPhase section */

/* Begin PBXSourcesBuildPhase section */
		8FEADE9F2C6ED27B006E1206 /* Sources */ = {
			isa = PBXSourcesBuildPhase;
			buildActionMask = 2147483647;
			files = (
				8FEADEA92C6ED27B006E1206 /* ContentView.swift in Sources */,
				8FEADEA72C6ED27B006E1206 /* custom_keyboard_iosApp.swift in Sources */,
			);
			runOnlyForDeploymentPostprocessing = 0;
		};
		8FEADEAF2C6ED27C006E1206 /* Sources */ = {
			isa = PBXSourcesBuildPhase;
			buildActionMask = 2147483647;
			files = (
				8FEADEB82C6ED27C006E1206 /* custom_keyboard_iosTests.swift in Sources */,
			);
			runOnlyForDeploymentPostprocessing = 0;
		};
		8FEADEB92C6ED27C006E1206 /* Sources */ = {
			isa = PBXSourcesBuildPhase;
			buildActionMask = 2147483647;
			files = (
				8FEADEC42C6ED27C006E1206 /* custom_keyboard_iosUITestsLaunchTests.swift in Sources */,
				8FEADEC22C6ED27C006E1206 /* custom_keyboard_iosUITests.swift in Sources */,
			);
			runOnlyForDeploymentPostprocessing = 0;
		};
		8FEADED12C6ED37F006E1206 /* Sources */ = {
			isa = PBXSourcesBuildPhase;
			buildActionMask = 2147483647;
			files = (
				8FEADED82C6ED37F006E1206 /* KeyboardViewController.swift in Sources */,
			);
			runOnlyForDeploymentPostprocessing = 0;
		};
/* End PBXSourcesBuildPhase section */

/* Begin PBXTargetDependency section */
		8FEADEB52C6ED27C006E1206 /* PBXTargetDependency */ = {
			isa = PBXTargetDependency;
			target = 8FEADEA22C6ED27B006E1206 /* custom-keyboard-ios */;
			targetProxy = 8FEADEB42C6ED27C006E1206 /* PBXContainerItemProxy */;
		};
		8FEADEBF2C6ED27C006E1206 /* PBXTargetDependency */ = {
			isa = PBXTargetDependency;
			target = 8FEADEA22C6ED27B006E1206 /* custom-keyboard-ios */;
			targetProxy = 8FEADEBE2C6ED27C006E1206 /* PBXContainerItemProxy */;
		};
		8FEADEDB2C6ED37F006E1206 /* PBXTargetDependency */ = {
			isa = PBXTargetDependency;
			target = 8FEADED42C6ED37F006E1206 /* Custom Keyboard */;
			targetProxy = 8FEADEDA2C6ED37F006E1206 /* PBXContainerItemProxy */;
		};
/* End PBXTargetDependency section */

/* Begin XCBuildConfiguration section */
		8FEADEC52C6ED27C006E1206 /* Debug */ = {
			isa = XCBuildConfiguration;
			buildSettings = {
				ALWAYS_SEARCH_USER_PATHS = NO;
				ASSETCATALOG_COMPILER_GENERATE_SWIFT_ASSET_SYMBOL_EXTENSIONS = YES;
				CLANG_ANALYZER_NONNULL = YES;
				CLANG_ANALYZER_NUMBER_OBJECT_CONVERSION = YES_AGGRESSIVE;
				CLANG_CXX_LANGUAGE_STANDARD = "gnu++20";
				CLANG_ENABLE_MODULES = YES;
				CLANG_ENABLE_OBJC_ARC = YES;
				CLANG_ENABLE_OBJC_WEAK = YES;
				CLANG_WARN_BLOCK_CAPTURE_AUTORELEASING = YES;
				CLANG_WARN_BOOL_CONVERSION = YES;
				CLANG_WARN_COMMA = YES;
				CLANG_WARN_CONSTANT_CONVERSION = YES;
				CLANG_WARN_DEPRECATED_OBJC_IMPLEMENTATIONS = YES;
				CLANG_WARN_DIRECT_OBJC_ISA_USAGE = YES_ERROR;
				CLANG_WARN_DOCUMENTATION_COMMENTS = YES;
				CLANG_WARN_EMPTY_BODY = YES;
				CLANG_WARN_ENUM_CONVERSION = YES;
				CLANG_WARN_INFINITE_RECURSION = YES;
				CLANG_WARN_INT_CONVERSION = YES;
				CLANG_WARN_NON_LITERAL_NULL_CONVERSION = YES;
				CLANG_WARN_OBJC_IMPLICIT_RETAIN_SELF = YES;
				CLANG_WARN_OBJC_LITERAL_CONVERSION = YES;
				CLANG_WARN_OBJC_ROOT_CLASS = YES_ERROR;
				CLANG_WARN_QUOTED_INCLUDE_IN_FRAMEWORK_HEADER = YES;
				CLANG_WARN_RANGE_LOOP_ANALYSIS = YES;
				CLANG_WARN_STRICT_PROTOTYPES = YES;
				CLANG_WARN_SUSPICIOUS_MOVE = YES;
				CLANG_WARN_UNGUARDED_AVAILABILITY = YES_AGGRESSIVE;
				CLANG_WARN_UNREACHABLE_CODE = YES;
				CLANG_WARN__DUPLICATE_METHOD_MATCH = YES;
				COPY_PHASE_STRIP = NO;
				DEBUG_INFORMATION_FORMAT = dwarf;
				ENABLE_STRICT_OBJC_MSGSEND = YES;
				ENABLE_TESTABILITY = YES;
				ENABLE_USER_SCRIPT_SANDBOXING = YES;
				GCC_C_LANGUAGE_STANDARD = gnu17;
				GCC_DYNAMIC_NO_PIC = NO;
				GCC_NO_COMMON_BLOCKS = YES;
				GCC_OPTIMIZATION_LEVEL = 0;
				GCC_PREPROCESSOR_DEFINITIONS = (
					"DEBUG=1",
					"$(inherited)",
				);
				GCC_WARN_64_TO_32_BIT_CONVERSION = YES;
				GCC_WARN_ABOUT_RETURN_TYPE = YES_ERROR;
				GCC_WARN_UNDECLARED_SELECTOR = YES;
				GCC_WARN_UNINITIALIZED_AUTOS = YES_AGGRESSIVE;
				GCC_WARN_UNUSED_FUNCTION = YES;
				GCC_WARN_UNUSED_VARIABLE = YES;
				HEADER_SEARCH_PATHS = "";
				IPHONEOS_DEPLOYMENT_TARGET = 17.5;
				LOCALIZATION_PREFERS_STRING_CATALOGS = YES;
				MTL_ENABLE_DEBUG_INFO = INCLUDE_SOURCE;
				MTL_FAST_MATH = YES;
				ONLY_ACTIVE_ARCH = YES;
				SDKROOT = iphoneos;
				SWIFT_ACTIVE_COMPILATION_CONDITIONS = "DEBUG $(inherited)";
				SWIFT_OPTIMIZATION_LEVEL = "-Onone";
			};
			name = Debug;
		};
		8FEADEC62C6ED27C006E1206 /* Release */ = {
			isa = XCBuildConfiguration;
			buildSettings = {
				ALWAYS_SEARCH_USER_PATHS = NO;
				ASSETCATALOG_COMPILER_GENERATE_SWIFT_ASSET_SYMBOL_EXTENSIONS = YES;
				CLANG_ANALYZER_NONNULL = YES;
				CLANG_ANALYZER_NUMBER_OBJECT_CONVERSION = YES_AGGRESSIVE;
				CLANG_CXX_LANGUAGE_STANDARD = "gnu++17";
				CLANG_ENABLE_MODULES = YES;
				CLANG_ENABLE_OBJC_ARC = YES;
				CLANG_ENABLE_OBJC_WEAK = YES;
				CLANG_WARN_BLOCK_CAPTURE_AUTORELEASING = YES;
				CLANG_WARN_BOOL_CONVERSION = YES;
				CLANG_WARN_COMMA = YES;
				CLANG_WARN_CONSTANT_CONVERSION = YES;
				CLANG_WARN_DEPRECATED_OBJC_IMPLEMENTATIONS = YES;
				CLANG_WARN_DIRECT_OBJC_ISA_USAGE = YES_ERROR;
				CLANG_WARN_DOCUMENTATION_COMMENTS = YES;
				CLANG_WARN_EMPTY_BODY = YES;
				CLANG_WARN_ENUM_CONVERSION = YES;
				CLANG_WARN_INFINITE_RECURSION = YES;
				CLANG_WARN_INT_CONVERSION = YES;
				CLANG_WARN_NON_LITERAL_NULL_CONVERSION = YES;
				CLANG_WARN_OBJC_IMPLICIT_RETAIN_SELF = YES;
				CLANG_WARN_OBJC_LITERAL_CONVERSION = YES;
				CLANG_WARN_OBJC_ROOT_CLASS = YES_ERROR;
				CLANG_WARN_QUOTED_INCLUDE_IN_FRAMEWORK_HEADER = YES;
				CLANG_WARN_RANGE_LOOP_ANALYSIS = YES;
				CLANG_WARN_STRICT_PROTOTYPES = YES;
				CLANG_WARN_SUSPICIOUS_MOVE = YES;
				CLANG_WARN_UNGUARDED_AVAILABILITY = YES_AGGRESSIVE;
				CLANG_WARN_UNREACHABLE_CODE = YES;
				CLANG_WARN__DUPLICATE_METHOD_MATCH = YES;
				COPY_PHASE_STRIP = NO;
				DEBUG_INFORMATION_FORMAT = "dwarf-with-dsym";
				ENABLE_NS_ASSERTIONS = NO;
				ENABLE_STRICT_OBJC_MSGSEND = YES;
				ENABLE_USER_SCRIPT_SANDBOXING = YES;
				GCC_C_LANGUAGE_STANDARD = gnu17;
				GCC_NO_COMMON_BLOCKS = YES;
				GCC_WARN_64_TO_32_BIT_CONVERSION = YES;
				GCC_WARN_ABOUT_RETURN_TYPE = YES_ERROR;
				GCC_WARN_UNDECLARED_SELECTOR = YES;
				GCC_WARN_UNINITIALIZED_AUTOS = YES_AGGRESSIVE;
				GCC_WARN_UNUSED_FUNCTION = YES;
				GCC_WARN_UNUSED_VARIABLE = YES;
				HEADER_SEARCH_PATHS = "";
				IPHONEOS_DEPLOYMENT_TARGET = 17.5;
				LOCALIZATION_PREFERS_STRING_CATALOGS = YES;
				MTL_ENABLE_DEBUG_INFO = NO;
				MTL_FAST_MATH = YES;
				SDKROOT = iphoneos;
				SWIFT_COMPILATION_MODE = wholemodule;
				VALIDATE_PRODUCT = YES;
			};
			name = Release;
		};
		8FEADEC82C6ED27C006E1206 /* Debug */ = {
			isa = XCBuildConfiguration;
			baseConfigurationReference = 144FDF49702B92AEF4D19C3D /* Pods-custom-keyboard-ios.debug.xcconfig */;
			buildSettings = {
				ALWAYS_EMBED_SWIFT_STANDARD_LIBRARIES = YES;
				ASSETCATALOG_COMPILER_APPICON_NAME = AppIcon;
				ASSETCATALOG_COMPILER_GLOBAL_ACCENT_COLOR_NAME = AccentColor;
				CODE_SIGN_STYLE = Automatic;
				CURRENT_PROJECT_VERSION = 1;
				DEVELOPMENT_ASSET_PATHS = "\"custom-keyboard-ios/Preview Content\"";
				DEVELOPMENT_TEAM = 99PF879H8X;
				ENABLE_PREVIEWS = YES;
				GENERATE_INFOPLIST_FILE = YES;
				INFOPLIST_KEY_CFBundleDisplayName = "MP Keyboard";
				INFOPLIST_KEY_UIApplicationSceneManifest_Generation = YES;
				INFOPLIST_KEY_UIApplicationSupportsIndirectInputEvents = YES;
				INFOPLIST_KEY_UILaunchScreen_Generation = YES;
				INFOPLIST_KEY_UISupportedInterfaceOrientations_iPad = "UIInterfaceOrientationPortrait UIInterfaceOrientationPortraitUpsideDown UIInterfaceOrientationLandscapeLeft UIInterfaceOrientationLandscapeRight";
				INFOPLIST_KEY_UISupportedInterfaceOrientations_iPhone = "UIInterfaceOrientationPortrait UIInterfaceOrientationLandscapeLeft UIInterfaceOrientationLandscapeRight";
				IPHONEOS_DEPLOYMENT_TARGET = 15.0;
				LD_RUNPATH_SEARCH_PATHS = (
					"$(inherited)",
					"@executable_path/Frameworks",
				);
				MARKETING_VERSION = 1.0;
				PRODUCT_BUNDLE_IDENTIFIER = "Jable-MP.custom-keyboard-ios";
				PRODUCT_NAME = "$(TARGET_NAME)";
				SWIFT_EMIT_LOC_STRINGS = YES;
				SWIFT_VERSION = 5.0;
				TARGETED_DEVICE_FAMILY = "1,2";
			};
			name = Debug;
		};
		8FEADEC92C6ED27C006E1206 /* Release */ = {
			isa = XCBuildConfiguration;
			baseConfigurationReference = 38481F1E0D397550DB469A5E /* Pods-custom-keyboard-ios.release.xcconfig */;
			buildSettings = {
				ALWAYS_EMBED_SWIFT_STANDARD_LIBRARIES = YES;
				ASSETCATALOG_COMPILER_APPICON_NAME = AppIcon;
				ASSETCATALOG_COMPILER_GLOBAL_ACCENT_COLOR_NAME = AccentColor;
				CODE_SIGN_STYLE = Automatic;
				CURRENT_PROJECT_VERSION = 1;
				DEVELOPMENT_ASSET_PATHS = "\"custom-keyboard-ios/Preview Content\"";
				DEVELOPMENT_TEAM = 99PF879H8X;
				ENABLE_PREVIEWS = YES;
				GENERATE_INFOPLIST_FILE = YES;
				INFOPLIST_KEY_CFBundleDisplayName = "MP Keyboard";
				INFOPLIST_KEY_UIApplicationSceneManifest_Generation = YES;
				INFOPLIST_KEY_UIApplicationSupportsIndirectInputEvents = YES;
				INFOPLIST_KEY_UILaunchScreen_Generation = YES;
				INFOPLIST_KEY_UISupportedInterfaceOrientations_iPad = "UIInterfaceOrientationPortrait UIInterfaceOrientationPortraitUpsideDown UIInterfaceOrientationLandscapeLeft UIInterfaceOrientationLandscapeRight";
				INFOPLIST_KEY_UISupportedInterfaceOrientations_iPhone = "UIInterfaceOrientationPortrait UIInterfaceOrientationLandscapeLeft UIInterfaceOrientationLandscapeRight";
				IPHONEOS_DEPLOYMENT_TARGET = 15.0;
				LD_RUNPATH_SEARCH_PATHS = (
					"$(inherited)",
					"@executable_path/Frameworks",
				);
				MARKETING_VERSION = 1.0;
				PRODUCT_BUNDLE_IDENTIFIER = "Jable-MP.custom-keyboard-ios";
				PRODUCT_NAME = "$(TARGET_NAME)";
				SWIFT_EMIT_LOC_STRINGS = YES;
				SWIFT_VERSION = 5.0;
				TARGETED_DEVICE_FAMILY = "1,2";
			};
			name = Release;
		};
		8FEADECB2C6ED27C006E1206 /* Debug */ = {
			isa = XCBuildConfiguration;
			buildSettings = {
				ALWAYS_EMBED_SWIFT_STANDARD_LIBRARIES = YES;
				BUNDLE_LOADER = "$(TEST_HOST)";
				CODE_SIGN_STYLE = Automatic;
				CURRENT_PROJECT_VERSION = 1;
				DEVELOPMENT_TEAM = 99PF879H8X;
				GENERATE_INFOPLIST_FILE = YES;
				IPHONEOS_DEPLOYMENT_TARGET = 17.5;
				MARKETING_VERSION = 1.0;
				PRODUCT_BUNDLE_IDENTIFIER = "Jable-MP.custom-keyboard-iosTests";
				PRODUCT_NAME = "$(TARGET_NAME)";
				SWIFT_EMIT_LOC_STRINGS = NO;
				SWIFT_VERSION = 5.0;
				TARGETED_DEVICE_FAMILY = "1,2";
				TEST_HOST = "$(BUILT_PRODUCTS_DIR)/custom-keyboard-ios.app/$(BUNDLE_EXECUTABLE_FOLDER_PATH)/custom-keyboard-ios";
			};
			name = Debug;
		};
		8FEADECC2C6ED27C006E1206 /* Release */ = {
			isa = XCBuildConfiguration;
			buildSettings = {
				ALWAYS_EMBED_SWIFT_STANDARD_LIBRARIES = YES;
				BUNDLE_LOADER = "$(TEST_HOST)";
				CODE_SIGN_STYLE = Automatic;
				CURRENT_PROJECT_VERSION = 1;
				DEVELOPMENT_TEAM = 99PF879H8X;
				GENERATE_INFOPLIST_FILE = YES;
				IPHONEOS_DEPLOYMENT_TARGET = 17.5;
				MARKETING_VERSION = 1.0;
				PRODUCT_BUNDLE_IDENTIFIER = "Jable-MP.custom-keyboard-iosTests";
				PRODUCT_NAME = "$(TARGET_NAME)";
				SWIFT_EMIT_LOC_STRINGS = NO;
				SWIFT_VERSION = 5.0;
				TARGETED_DEVICE_FAMILY = "1,2";
				TEST_HOST = "$(BUILT_PRODUCTS_DIR)/custom-keyboard-ios.app/$(BUNDLE_EXECUTABLE_FOLDER_PATH)/custom-keyboard-ios";
			};
			name = Release;
		};
		8FEADECE2C6ED27C006E1206 /* Debug */ = {
			isa = XCBuildConfiguration;
			buildSettings = {
				ALWAYS_EMBED_SWIFT_STANDARD_LIBRARIES = YES;
				CODE_SIGN_STYLE = Automatic;
				CURRENT_PROJECT_VERSION = 1;
				DEVELOPMENT_TEAM = 99PF879H8X;
				GENERATE_INFOPLIST_FILE = YES;
				MARKETING_VERSION = 1.0;
				PRODUCT_BUNDLE_IDENTIFIER = "Jable-MP.custom-keyboard-iosUITests";
				PRODUCT_NAME = "$(TARGET_NAME)";
				SWIFT_EMIT_LOC_STRINGS = NO;
				SWIFT_VERSION = 5.0;
				TARGETED_DEVICE_FAMILY = "1,2";
				TEST_TARGET_NAME = "custom-keyboard-ios";
			};
			name = Debug;
		};
		8FEADECF2C6ED27C006E1206 /* Release */ = {
			isa = XCBuildConfiguration;
			buildSettings = {
				ALWAYS_EMBED_SWIFT_STANDARD_LIBRARIES = YES;
				CODE_SIGN_STYLE = Automatic;
				CURRENT_PROJECT_VERSION = 1;
				DEVELOPMENT_TEAM = 99PF879H8X;
				GENERATE_INFOPLIST_FILE = YES;
				MARKETING_VERSION = 1.0;
				PRODUCT_BUNDLE_IDENTIFIER = "Jable-MP.custom-keyboard-iosUITests";
				PRODUCT_NAME = "$(TARGET_NAME)";
				SWIFT_EMIT_LOC_STRINGS = NO;
				SWIFT_VERSION = 5.0;
				TARGETED_DEVICE_FAMILY = "1,2";
				TEST_TARGET_NAME = "custom-keyboard-ios";
			};
			name = Release;
		};
		8FEADEDE2C6ED37F006E1206 /* Debug */ = {
			isa = XCBuildConfiguration;
			baseConfigurationReference = 0E6790E3418A5D7F6CE3EB4B /* Pods-Custom Keyboard.debug.xcconfig */;
			buildSettings = {
				CODE_SIGN_STYLE = Automatic;
				CURRENT_PROJECT_VERSION = 1;
				DEVELOPMENT_TEAM = 99PF879H8X;
				GENERATE_INFOPLIST_FILE = YES;
				INFOPLIST_FILE = "Custom Keyboard/Info.plist";
				INFOPLIST_KEY_CFBundleDisplayName = "MP Keyboard";
				INFOPLIST_KEY_NSHumanReadableCopyright = "";
				LD_RUNPATH_SEARCH_PATHS = (
					"$(inherited)",
					"@executable_path/Frameworks",
					"@executable_path/../../Frameworks",
				);
				MARKETING_VERSION = 1.0;
				PRODUCT_BUNDLE_IDENTIFIER = "Jable-MP.custom-keyboard-ios.Custom-Keyboard";
				PRODUCT_NAME = "$(TARGET_NAME)";
				SKIP_INSTALL = YES;
				SWIFT_EMIT_LOC_STRINGS = YES;
				SWIFT_VERSION = 5.0;
				TARGETED_DEVICE_FAMILY = "1,2";
			};
			name = Debug;
		};
		8FEADEDF2C6ED37F006E1206 /* Release */ = {
			isa = XCBuildConfiguration;
			baseConfigurationReference = ED15B5EFA8B00E56E36FA067 /* Pods-Custom Keyboard.release.xcconfig */;
			buildSettings = {
				CODE_SIGN_STYLE = Automatic;
				CURRENT_PROJECT_VERSION = 1;
				DEVELOPMENT_TEAM = 99PF879H8X;
				GENERATE_INFOPLIST_FILE = YES;
				INFOPLIST_FILE = "Custom Keyboard/Info.plist";
				INFOPLIST_KEY_CFBundleDisplayName = "MP Keyboard";
				INFOPLIST_KEY_NSHumanReadableCopyright = "";
				LD_RUNPATH_SEARCH_PATHS = (
					"$(inherited)",
					"@executable_path/Frameworks",
					"@executable_path/../../Frameworks",
				);
				MARKETING_VERSION = 1.0;
				PRODUCT_BUNDLE_IDENTIFIER = "Jable-MP.custom-keyboard-ios.Custom-Keyboard";
				PRODUCT_NAME = "$(TARGET_NAME)";
				SKIP_INSTALL = YES;
				SWIFT_EMIT_LOC_STRINGS = YES;
				SWIFT_VERSION = 5.0;
				TARGETED_DEVICE_FAMILY = "1,2";
			};
			name = Release;
		};
/* End XCBuildConfiguration section */

/* Begin XCConfigurationList section */
		8FEADE9E2C6ED27B006E1206 /* Build configuration list for PBXProject "custom-keyboard-ios" */ = {
			isa = XCConfigurationList;
			buildConfigurations = (
				8FEADEC52C6ED27C006E1206 /* Debug */,
				8FEADEC62C6ED27C006E1206 /* Release */,
			);
			defaultConfigurationIsVisible = 0;
			defaultConfigurationName = Release;
		};
		8FEADEC72C6ED27C006E1206 /* Build configuration list for PBXNativeTarget "custom-keyboard-ios" */ = {
			isa = XCConfigurationList;
			buildConfigurations = (
				8FEADEC82C6ED27C006E1206 /* Debug */,
				8FEADEC92C6ED27C006E1206 /* Release */,
			);
			defaultConfigurationIsVisible = 0;
			defaultConfigurationName = Release;
		};
		8FEADECA2C6ED27C006E1206 /* Build configuration list for PBXNativeTarget "custom-keyboard-iosTests" */ = {
			isa = XCConfigurationList;
			buildConfigurations = (
				8FEADECB2C6ED27C006E1206 /* Debug */,
				8FEADECC2C6ED27C006E1206 /* Release */,
			);
			defaultConfigurationIsVisible = 0;
			defaultConfigurationName = Release;
		};
		8FEADECD2C6ED27C006E1206 /* Build configuration list for PBXNativeTarget "custom-keyboard-iosUITests" */ = {
			isa = XCConfigurationList;
			buildConfigurations = (
				8FEADECE2C6ED27C006E1206 /* Debug */,
				8FEADECF2C6ED27C006E1206 /* Release */,
			);
			defaultConfigurationIsVisible = 0;
			defaultConfigurationName = Release;
		};
		8FEADEDD2C6ED37F006E1206 /* Build configuration list for PBXNativeTarget "Custom Keyboard" */ = {
			isa = XCConfigurationList;
			buildConfigurations = (
				8FEADEDE2C6ED37F006E1206 /* Debug */,
				8FEADEDF2C6ED37F006E1206 /* Release */,
			);
			defaultConfigurationIsVisible = 0;
			defaultConfigurationName = Release;
		};
/* End XCConfigurationList section */
	};
	rootObject = 8FEADE9B2C6ED27B006E1206 /* Project object */;
}
